// !$*UTF8*$!
{
	archiveVersion = 1;
	classes = {
	};
	objectVersion = 48;
	objects = {

/* Begin PBXBuildFile section */
		26B627A720EB624900C4C5AD /* AppDelegate.swift in Sources */ = {isa = PBXBuildFile; fileRef = 26B627A620EB624900C4C5AD /* AppDelegate.swift */; };
		26B627AC20EB624900C4C5AD /* Main.storyboard in Resources */ = {isa = PBXBuildFile; fileRef = 26B627AA20EB624900C4C5AD /* Main.storyboard */; };
		26B627AE20EB624900C4C5AD /* Assets.xcassets in Resources */ = {isa = PBXBuildFile; fileRef = 26B627AD20EB624900C4C5AD /* Assets.xcassets */; };
		26B627B120EB624900C4C5AD /* LaunchScreen.storyboard in Resources */ = {isa = PBXBuildFile; fileRef = 26B627AF20EB624900C4C5AD /* LaunchScreen.storyboard */; };
		26B627B920EB63E100C4C5AD /* ToolTipView.swift in Sources */ = {isa = PBXBuildFile; fileRef = 26B627B820EB63E000C4C5AD /* ToolTipView.swift */; };
		26B627BA20EB830D00C4C5AD /* TipViewController.swift in Sources */ = {isa = PBXBuildFile; fileRef = 26B627A820EB624900C4C5AD /* TipViewController.swift */; };
		26B627BC20EB8DA900C4C5AD /* PasswordValidator.swift in Sources */ = {isa = PBXBuildFile; fileRef = 26B627BB20EB8DA800C4C5AD /* PasswordValidator.swift */; };
		26B627BE20EB911600C4C5AD /* PasswordPolicyTipView.swift in Sources */ = {isa = PBXBuildFile; fileRef = 26B627BD20EB911600C4C5AD /* PasswordPolicyTipView.swift */; };
		26E2BCEE20EB9FF20059F5E4 /* TipViewControllerSample2.swift in Sources */ = {isa = PBXBuildFile; fileRef = 26E2BCED20EB9FF20059F5E4 /* TipViewControllerSample2.swift */; };
		26E2BCF020EBB23F0059F5E4 /* PasswordPolicyTipView.xib in Resources */ = {isa = PBXBuildFile; fileRef = 26E2BCEF20EBB23F0059F5E4 /* PasswordPolicyTipView.xib */; };
		26E2BCF120EBB6B60059F5E4 /* PasswordPolicyTipView.xib in Sources */ = {isa = PBXBuildFile; fileRef = 26E2BCEF20EBB23F0059F5E4 /* PasswordPolicyTipView.xib */; };
/* End PBXBuildFile section */

/* Begin PBXFileReference section */
		26B627A320EB624900C4C5AD /* PasswordPolicyTipView.app */ = {isa = PBXFileReference; explicitFileType = wrapper.application; includeInIndex = 0; path = PasswordPolicyTipView.app; sourceTree = BUILT_PRODUCTS_DIR; };
		26B627A620EB624900C4C5AD /* AppDelegate.swift */ = {isa = PBXFileReference; lastKnownFileType = sourcecode.swift; path = AppDelegate.swift; sourceTree = "<group>"; };
		26B627A820EB624900C4C5AD /* TipViewController.swift */ = {isa = PBXFileReference; lastKnownFileType = sourcecode.swift; path = TipViewController.swift; sourceTree = "<group>"; };
		26B627AB20EB624900C4C5AD /* Base */ = {isa = PBXFileReference; lastKnownFileType = file.storyboard; name = Base; path = Base.lproj/Main.storyboard; sourceTree = "<group>"; };
		26B627AD20EB624900C4C5AD /* Assets.xcassets */ = {isa = PBXFileReference; lastKnownFileType = folder.assetcatalog; path = Assets.xcassets; sourceTree = "<group>"; };
		26B627B020EB624900C4C5AD /* Base */ = {isa = PBXFileReference; lastKnownFileType = file.storyboard; name = Base; path = Base.lproj/LaunchScreen.storyboard; sourceTree = "<group>"; };
		26B627B220EB624900C4C5AD /* Info.plist */ = {isa = PBXFileReference; lastKnownFileType = text.plist.xml; path = Info.plist; sourceTree = "<group>"; };
		26B627B820EB63E000C4C5AD /* ToolTipView.swift */ = {isa = PBXFileReference; fileEncoding = 4; lastKnownFileType = sourcecode.swift; path = ToolTipView.swift; sourceTree = "<group>"; };
		26B627BB20EB8DA800C4C5AD /* PasswordValidator.swift */ = {isa = PBXFileReference; lastKnownFileType = sourcecode.swift; path = PasswordValidator.swift; sourceTree = "<group>"; };
		26B627BD20EB911600C4C5AD /* PasswordPolicyTipView.swift */ = {isa = PBXFileReference; lastKnownFileType = sourcecode.swift; path = PasswordPolicyTipView.swift; sourceTree = "<group>"; };
		26E2BCED20EB9FF20059F5E4 /* TipViewControllerSample2.swift */ = {isa = PBXFileReference; fileEncoding = 4; lastKnownFileType = sourcecode.swift; path = TipViewControllerSample2.swift; sourceTree = "<group>"; };
		26E2BCEF20EBB23F0059F5E4 /* PasswordPolicyTipView.xib */ = {isa = PBXFileReference; fileEncoding = 4; lastKnownFileType = file.xib; path = PasswordPolicyTipView.xib; sourceTree = "<group>"; };
/* End PBXFileReference section */

/* Begin PBXFrameworksBuildPhase section */
		26B627A020EB624900C4C5AD /* Frameworks */ = {
			isa = PBXFrameworksBuildPhase;
			buildActionMask = 2147483647;
			files = (
			);
			runOnlyForDeploymentPostprocessing = 0;
		};
/* End PBXFrameworksBuildPhase section */

/* Begin PBXGroup section */
		26B6279A20EB624900C4C5AD = {
			isa = PBXGroup;
			children = (
				26B627A520EB624900C4C5AD /* PasswordPolicyTipView */,
				26B627A420EB624900C4C5AD /* Products */,
			);
			sourceTree = "<group>";
		};
		26B627A420EB624900C4C5AD /* Products */ = {
			isa = PBXGroup;
			children = (
				26B627A320EB624900C4C5AD /* PasswordPolicyTipView.app */,
			);
			name = Products;
			sourceTree = "<group>";
		};
		26B627A520EB624900C4C5AD /* PasswordPolicyTipView */ = {
			isa = PBXGroup;
			children = (
				26B627A620EB624900C4C5AD /* AppDelegate.swift */,
				26B627BB20EB8DA800C4C5AD /* PasswordValidator.swift */,
				26B627B820EB63E000C4C5AD /* ToolTipView.swift */,
				26B627BD20EB911600C4C5AD /* PasswordPolicyTipView.swift */,
				26E2BCEF20EBB23F0059F5E4 /* PasswordPolicyTipView.xib */,
				26B627A820EB624900C4C5AD /* TipViewController.swift */,
				26E2BCED20EB9FF20059F5E4 /* TipViewControllerSample2.swift */,
				26B627AA20EB624900C4C5AD /* Main.storyboard */,
				26B627AD20EB624900C4C5AD /* Assets.xcassets */,
				26B627AF20EB624900C4C5AD /* LaunchScreen.storyboard */,
				26B627B220EB624900C4C5AD /* Info.plist */,
			);
			path = PasswordPolicyTipView;
			sourceTree = "<group>";
		};
/* End PBXGroup section */

/* Begin PBXNativeTarget section */
		26B627A220EB624900C4C5AD /* PasswordPolicyTipView */ = {
			isa = PBXNativeTarget;
			buildConfigurationList = 26B627B520EB624900C4C5AD /* Build configuration list for PBXNativeTarget "PasswordPolicyTipView" */;
			buildPhases = (
				26B6279F20EB624900C4C5AD /* Sources */,
				26B627A020EB624900C4C5AD /* Frameworks */,
				26B627A120EB624900C4C5AD /* Resources */,
			);
			buildRules = (
			);
			dependencies = (
			);
			name = PasswordPolicyTipView;
			productName = PasswordPolicyTipView;
			productReference = 26B627A320EB624900C4C5AD /* PasswordPolicyTipView.app */;
			productType = "com.apple.product-type.application";
		};
/* End PBXNativeTarget section */

/* Begin PBXProject section */
		26B6279B20EB624900C4C5AD /* Project object */ = {
			isa = PBXProject;
			attributes = {
				LastSwiftUpdateCheck = 0910;
				LastUpgradeCheck = 0910;
				ORGANIZATIONNAME = "MANISH PATHAK";
				TargetAttributes = {
					26B627A220EB624900C4C5AD = {
						CreatedOnToolsVersion = 9.1;
						ProvisioningStyle = Automatic;
					};
				};
			};
			buildConfigurationList = 26B6279E20EB624900C4C5AD /* Build configuration list for PBXProject "PasswordPolicyTipView" */;
			compatibilityVersion = "Xcode 8.0";
			developmentRegion = en;
			hasScannedForEncodings = 0;
			knownRegions = (
				en,
				Base,
			);
			mainGroup = 26B6279A20EB624900C4C5AD;
			productRefGroup = 26B627A420EB624900C4C5AD /* Products */;
			projectDirPath = "";
			projectRoot = "";
			targets = (
				26B627A220EB624900C4C5AD /* PasswordPolicyTipView */,
			);
		};
/* End PBXProject section */

/* Begin PBXResourcesBuildPhase section */
		26B627A120EB624900C4C5AD /* Resources */ = {
			isa = PBXResourcesBuildPhase;
			buildActionMask = 2147483647;
			files = (
				26B627B120EB624900C4C5AD /* LaunchScreen.storyboard in Resources */,
				26E2BCF020EBB23F0059F5E4 /* PasswordPolicyTipView.xib in Resources */,
				26B627AE20EB624900C4C5AD /* Assets.xcassets in Resources */,
				26B627AC20EB624900C4C5AD /* Main.storyboard in Resources */,
			);
			runOnlyForDeploymentPostprocessing = 0;
		};
/* End PBXResourcesBuildPhase section */

/* Begin PBXSourcesBuildPhase section */
		26B6279F20EB624900C4C5AD /* Sources */ = {
			isa = PBXSourcesBuildPhase;
			buildActionMask = 2147483647;
			files = (
				26E2BCF120EBB6B60059F5E4 /* PasswordPolicyTipView.xib in Sources */,
				26B627BE20EB911600C4C5AD /* PasswordPolicyTipView.swift in Sources */,
				26B627B920EB63E100C4C5AD /* ToolTipView.swift in Sources */,
				26B627BA20EB830D00C4C5AD /* TipViewController.swift in Sources */,
				26E2BCEE20EB9FF20059F5E4 /* TipViewControllerSample2.swift in Sources */,
				26B627A720EB624900C4C5AD /* AppDelegate.swift in Sources */,
				26B627BC20EB8DA900C4C5AD /* PasswordValidator.swift in Sources */,
			);
			runOnlyForDeploymentPostprocessing = 0;
		};
/* End PBXSourcesBuildPhase section */

/* Begin PBXVariantGroup section */
		26B627AA20EB624900C4C5AD /* Main.storyboard */ = {
			isa = PBXVariantGroup;
			children = (
				26B627AB20EB624900C4C5AD /* Base */,
			);
			name = Main.storyboard;
			sourceTree = "<group>";
		};
		26B627AF20EB624900C4C5AD /* LaunchScreen.storyboard */ = {
			isa = PBXVariantGroup;
			children = (
				26B627B020EB624900C4C5AD /* Base */,
			);
			name = LaunchScreen.storyboard;
			sourceTree = "<group>";
		};
/* End PBXVariantGroup section */

/* Begin XCBuildConfiguration section */
		26B627B320EB624900C4C5AD /* Debug */ = {
			isa = XCBuildConfiguration;
			buildSettings = {
				ALWAYS_SEARCH_USER_PATHS = NO;
				CLANG_ANALYZER_NONNULL = YES;
				CLANG_ANALYZER_NUMBER_OBJECT_CONVERSION = YES_AGGRESSIVE;
				CLANG_CXX_LANGUAGE_STANDARD = "gnu++14";
				CLANG_CXX_LIBRARY = "libc++";
				CLANG_ENABLE_MODULES = YES;
				CLANG_ENABLE_OBJC_ARC = YES;
				CLANG_WARN_BLOCK_CAPTURE_AUTORELEASING = YES;
				CLANG_WARN_BOOL_CONVERSION = YES;
				CLANG_WARN_COMMA = YES;
				CLANG_WARN_CONSTANT_CONVERSION = YES;
				CLANG_WARN_DIRECT_OBJC_ISA_USAGE = YES_ERROR;
				CLANG_WARN_DOCUMENTATION_COMMENTS = YES;
				CLANG_WARN_EMPTY_BODY = YES;
				CLANG_WARN_ENUM_CONVERSION = YES;
				CLANG_WARN_INFINITE_RECURSION = YES;
				CLANG_WARN_INT_CONVERSION = YES;
				CLANG_WARN_NON_LITERAL_NULL_CONVERSION = YES;
				CLANG_WARN_OBJC_LITERAL_CONVERSION = YES;
				CLANG_WARN_OBJC_ROOT_CLASS = YES_ERROR;
				CLANG_WARN_RANGE_LOOP_ANALYSIS = YES;
				CLANG_WARN_STRICT_PROTOTYPES = YES;
				CLANG_WARN_SUSPICIOUS_MOVE = YES;
				CLANG_WARN_UNGUARDED_AVAILABILITY = YES_AGGRESSIVE;
				CLANG_WARN_UNREACHABLE_CODE = YES;
				CLANG_WARN__DUPLICATE_METHOD_MATCH = YES;
				CODE_SIGN_IDENTITY = "iPhone Developer";
				COPY_PHASE_STRIP = NO;
				DEBUG_INFORMATION_FORMAT = dwarf;
				ENABLE_STRICT_OBJC_MSGSEND = YES;
				ENABLE_TESTABILITY = YES;
				GCC_C_LANGUAGE_STANDARD = gnu11;
				GCC_DYNAMIC_NO_PIC = NO;
				GCC_NO_COMMON_BLOCKS = YES;
				GCC_OPTIMIZATION_LEVEL = 0;
				GCC_PREPROCESSOR_DEFINITIONS = (
					"DEBUG=1",
					"$(inherited)",
				);
				GCC_WARN_64_TO_32_BIT_CONVERSION = YES;
				GCC_WARN_ABOUT_RETURN_TYPE = YES_ERROR;
				GCC_WARN_UNDECLARED_SELECTOR = YES;
				GCC_WARN_UNINITIALIZED_AUTOS = YES_AGGRESSIVE;
				GCC_WARN_UNUSED_FUNCTION = YES;
				GCC_WARN_UNUSED_VARIABLE = YES;
				IPHONEOS_DEPLOYMENT_TARGET = 11.1;
				MTL_ENABLE_DEBUG_INFO = YES;
				ONLY_ACTIVE_ARCH = YES;
				SDKROOT = iphoneos;
				SWIFT_ACTIVE_COMPILATION_CONDITIONS = DEBUG;
				SWIFT_OPTIMIZATION_LEVEL = "-Onone";
			};
			name = Debug;
		};
		26B627B420EB624900C4C5AD /* Release */ = {
			isa = XCBuildConfiguration;
			buildSettings = {
				ALWAYS_SEARCH_USER_PATHS = NO;
				CLANG_ANALYZER_NONNULL = YES;
				CLANG_ANALYZER_NUMBER_OBJECT_CONVERSION = YES_AGGRESSIVE;
				CLANG_CXX_LANGUAGE_STANDARD = "gnu++14";
				CLANG_CXX_LIBRARY = "libc++";
				CLANG_ENABLE_MODULES = YES;
				CLANG_ENABLE_OBJC_ARC = YES;
				CLANG_WARN_BLOCK_CAPTURE_AUTORELEASING = YES;
				CLANG_WARN_BOOL_CONVERSION = YES;
				CLANG_WARN_COMMA = YES;
				CLANG_WARN_CONSTANT_CONVERSION = YES;
				CLANG_WARN_DIRECT_OBJC_ISA_USAGE = YES_ERROR;
				CLANG_WARN_DOCUMENTATION_COMMENTS = YES;
				CLANG_WARN_EMPTY_BODY = YES;
				CLANG_WARN_ENUM_CONVERSION = YES;
				CLANG_WARN_INFINITE_RECURSION = YES;
				CLANG_WARN_INT_CONVERSION = YES;
				CLANG_WARN_NON_LITERAL_NULL_CONVERSION = YES;
				CLANG_WARN_OBJC_LITERAL_CONVERSION = YES;
				CLANG_WARN_OBJC_ROOT_CLASS = YES_ERROR;
				CLANG_WARN_RANGE_LOOP_ANALYSIS = YES;
				CLANG_WARN_STRICT_PROTOTYPES = YES;
				CLANG_WARN_SUSPICIOUS_MOVE = YES;
				CLANG_WARN_UNGUARDED_AVAILABILITY = YES_AGGRESSIVE;
				CLANG_WARN_UNREACHABLE_CODE = YES;
				CLANG_WARN__DUPLICATE_METHOD_MATCH = YES;
				CODE_SIGN_IDENTITY = "iPhone Developer";
				COPY_PHASE_STRIP = NO;
				DEBUG_INFORMATION_FORMAT = "dwarf-with-dsym";
				ENABLE_NS_ASSERTIONS = NO;
				ENABLE_STRICT_OBJC_MSGSEND = YES;
				GCC_C_LANGUAGE_STANDARD = gnu11;
				GCC_NO_COMMON_BLOCKS = YES;
				GCC_WARN_64_TO_32_BIT_CONVERSION = YES;
				GCC_WARN_ABOUT_RETURN_TYPE = YES_ERROR;
				GCC_WARN_UNDECLARED_SELECTOR = YES;
				GCC_WARN_UNINITIALIZED_AUTOS = YES_AGGRESSIVE;
				GCC_WARN_UNUSED_FUNCTION = YES;
				GCC_WARN_UNUSED_VARIABLE = YES;
				IPHONEOS_DEPLOYMENT_TARGET = 11.1;
				MTL_ENABLE_DEBUG_INFO = NO;
				SDKROOT = iphoneos;
				SWIFT_OPTIMIZATION_LEVEL = "-Owholemodule";
				VALIDATE_PRODUCT = YES;
			};
			name = Release;
		};
		26B627B620EB624900C4C5AD /* Debug */ = {
			isa = XCBuildConfiguration;
			buildSettings = {
				ASSETCATALOG_COMPILER_APPICON_NAME = AppIcon;
				CODE_SIGN_STYLE = Automatic;
				DEVELOPMENT_TEAM = P3MWFXVP76;
				INFOPLIST_FILE = PasswordPolicyTipView/Info.plist;
				LD_RUNPATH_SEARCH_PATHS = "$(inherited) @executable_path/Frameworks";
				PRODUCT_BUNDLE_IDENTIFIER = com.manish.PasswordPolicyTipView;
				PRODUCT_NAME = "$(TARGET_NAME)";
				SWIFT_VERSION = 4.0;
				TARGETED_DEVICE_FAMILY = "1,2";
			};
			name = Debug;
		};
		26B627B720EB624900C4C5AD /* Release */ = {
			isa = XCBuildConfiguration;
			buildSettings = {
				ASSETCATALOG_COMPILER_APPICON_NAME = AppIcon;
				CODE_SIGN_STYLE = Automatic;
				DEVELOPMENT_TEAM = P3MWFXVP76;
				INFOPLIST_FILE = PasswordPolicyTipView/Info.plist;
				LD_RUNPATH_SEARCH_PATHS = "$(inherited) @executable_path/Frameworks";
				PRODUCT_BUNDLE_IDENTIFIER = com.manish.PasswordPolicyTipView;
				PRODUCT_NAME = "$(TARGET_NAME)";
				SWIFT_VERSION = 4.0;
				TARGETED_DEVICE_FAMILY = "1,2";
			};
			name = Release;
		};
/* End XCBuildConfiguration section */

/* Begin XCConfigurationList section */
		26B6279E20EB624900C4C5AD /* Build configuration list for PBXProject "PasswordPolicyTipView" */ = {
			isa = XCConfigurationList;
			buildConfigurations = (
				26B627B320EB624900C4C5AD /* Debug */,
				26B627B420EB624900C4C5AD /* Release */,
			);
			defaultConfigurationIsVisible = 0;
			defaultConfigurationName = Release;
		};
		26B627B520EB624900C4C5AD /* Build configuration list for PBXNativeTarget "PasswordPolicyTipView" */ = {
			isa = XCConfigurationList;
			buildConfigurations = (
				26B627B620EB624900C4C5AD /* Debug */,
				26B627B720EB624900C4C5AD /* Release */,
			);
			defaultConfigurationIsVisible = 0;
			defaultConfigurationName = Release;
		};
/* End XCConfigurationList section */
	};
	rootObject = 26B6279B20EB624900C4C5AD /* Project object */;
}
